
Microsoft Visual Studio Solution File, Format Version 12.00
# Visual Studio 15
VisualStudioVersion = 15.0.26127.0
MinimumVisualStudioVersion = 10.0.40219.1
Project("{2150E333-8FDC-42A3-9474-1A3956D46DE8}") = "src", "src", "{ECF7D076-2E12-40DE-848F-909CDF3D415D}"
EndProject
Project("{2150E333-8FDC-42A3-9474-1A3956D46DE8}") = "Solution Items", "Solution Items", "{E24CF39A-BD5D-4604-B380-435606FE9FD1}"
	ProjectSection(SolutionItems) = preProject
		IdentityServerSettings.txt = IdentityServerSettings.txt
	EndProjectSection
EndProject
Project("{2150E333-8FDC-42A3-9474-1A3956D46DE8}") = "shared", "shared", "{CDF006B1-C709-45D9-9FE1-B565D1248277}"
EndProject
Project("{2150E333-8FDC-42A3-9474-1A3956D46DE8}") = "dashboard", "dashboard", "{632C2F57-7122-4DAA-A08D-1D9E8040153B}"
EndProject
Project("{2150E333-8FDC-42A3-9474-1A3956D46DE8}") = "web", "web", "{17D94123-5CA4-42A1-A047-CB2175A42F79}"
EndProject
Project("{9A19103F-16F7-4668-BE54-9A1E7A4F7556}") = "CommonLib", "shared\CommonLib\CommonLib.csproj", "{937BD566-B957-4715-9B13-1711DC44DB75}"
EndProject
Project("{9A19103F-16F7-4668-BE54-9A1E7A4F7556}") = "CommonLib.Dashboard", "shared\CommonLib.Dashboard\CommonLib.Dashboard.csproj", "{FE6F6A41-1423-4C6C-8E3C-892451BEE1F9}"
EndProject
Project("{9A19103F-16F7-4668-BE54-9A1E7A4F7556}") = "Dashboard", "web\Dashboard\Dashboard.csproj", "{2D907E0B-E4B0-4105-864A-6B8AD938D763}"
EndProject
Project("{9A19103F-16F7-4668-BE54-9A1E7A4F7556}") = "Dashboard.Api", "dashboard\Dashboard.Api\Dashboard.Api.csproj", "{6ECB21D5-8CAE-4A68-BA23-F73D737BF29C}"
EndProject
Project("{9A19103F-16F7-4668-BE54-9A1E7A4F7556}") = "Dashboard.Bootstrap", "dashboard\Dashboard.Bootstrap\Dashboard.Bootstrap.csproj", "{5CB4583D-27AC-4F3A-B7EB-F89782D8C7B8}"
EndProject
Project("{FAE04EC0-301F-11D3-BF4B-00C04F79EFBC}") = "Dashboard", "dashboard\Dashboard\Dashboard.csproj", "{0EADD091-BFCA-455A-B1DC-CE13845870B9}"
EndProject
Global
	GlobalSection(SolutionConfigurationPlatforms) = preSolution
		Debug|Any CPU = Debug|Any CPU
		Debug|x64 = Debug|x64
		Debug|x86 = Debug|x86
		Release|Any CPU = Release|Any CPU
		Release|x64 = Release|x64
		Release|x86 = Release|x86
	EndGlobalSection
	GlobalSection(ProjectConfigurationPlatforms) = postSolution
		{937BD566-B957-4715-9B13-1711DC44DB75}.Debug|Any CPU.ActiveCfg = Debug|Any CPU
		{937BD566-B957-4715-9B13-1711DC44DB75}.Debug|Any CPU.Build.0 = Debug|Any CPU
		{937BD566-B957-4715-9B13-1711DC44DB75}.Debug|x64.ActiveCfg = Debug|x64
		{937BD566-B957-4715-9B13-1711DC44DB75}.Debug|x64.Build.0 = Debug|x64
		{937BD566-B957-4715-9B13-1711DC44DB75}.Debug|x86.ActiveCfg = Debug|x86
		{937BD566-B957-4715-9B13-1711DC44DB75}.Debug|x86.Build.0 = Debug|x86
		{937BD566-B957-4715-9B13-1711DC44DB75}.Release|Any CPU.ActiveCfg = Release|Any CPU
		{937BD566-B957-4715-9B13-1711DC44DB75}.Release|Any CPU.Build.0 = Release|Any CPU
		{937BD566-B957-4715-9B13-1711DC44DB75}.Release|x64.ActiveCfg = Release|x64
		{937BD566-B957-4715-9B13-1711DC44DB75}.Release|x64.Build.0 = Release|x64
		{937BD566-B957-4715-9B13-1711DC44DB75}.Release|x86.ActiveCfg = Release|x86
		{937BD566-B957-4715-9B13-1711DC44DB75}.Release|x86.Build.0 = Release|x86
		{FE6F6A41-1423-4C6C-8E3C-892451BEE1F9}.Debug|Any CPU.ActiveCfg = Debug|Any CPU
		{FE6F6A41-1423-4C6C-8E3C-892451BEE1F9}.Debug|Any CPU.Build.0 = Debug|Any CPU
		{FE6F6A41-1423-4C6C-8E3C-892451BEE1F9}.Debug|x64.ActiveCfg = Debug|x64
		{FE6F6A41-1423-4C6C-8E3C-892451BEE1F9}.Debug|x64.Build.0 = Debug|x64
		{FE6F6A41-1423-4C6C-8E3C-892451BEE1F9}.Debug|x86.ActiveCfg = Debug|x86
		{FE6F6A41-1423-4C6C-8E3C-892451BEE1F9}.Debug|x86.Build.0 = Debug|x86
		{FE6F6A41-1423-4C6C-8E3C-892451BEE1F9}.Release|Any CPU.ActiveCfg = Release|Any CPU
		{FE6F6A41-1423-4C6C-8E3C-892451BEE1F9}.Release|Any CPU.Build.0 = Release|Any CPU
		{FE6F6A41-1423-4C6C-8E3C-892451BEE1F9}.Release|x64.ActiveCfg = Release|x64
		{FE6F6A41-1423-4C6C-8E3C-892451BEE1F9}.Release|x64.Build.0 = Release|x64
		{FE6F6A41-1423-4C6C-8E3C-892451BEE1F9}.Release|x86.ActiveCfg = Release|x86
		{FE6F6A41-1423-4C6C-8E3C-892451BEE1F9}.Release|x86.Build.0 = Release|x86
		{2D907E0B-E4B0-4105-864A-6B8AD938D763}.Debug|Any CPU.ActiveCfg = Debug|Any CPU
		{2D907E0B-E4B0-4105-864A-6B8AD938D763}.Debug|Any CPU.Build.0 = Debug|Any CPU
		{2D907E0B-E4B0-4105-864A-6B8AD938D763}.Debug|x64.ActiveCfg = Debug|x64
		{2D907E0B-E4B0-4105-864A-6B8AD938D763}.Debug|x64.Build.0 = Debug|x64
		{2D907E0B-E4B0-4105-864A-6B8AD938D763}.Debug|x86.ActiveCfg = Debug|x86
		{2D907E0B-E4B0-4105-864A-6B8AD938D763}.Debug|x86.Build.0 = Debug|x86
		{2D907E0B-E4B0-4105-864A-6B8AD938D763}.Release|Any CPU.ActiveCfg = Release|Any CPU
		{2D907E0B-E4B0-4105-864A-6B8AD938D763}.Release|Any CPU.Build.0 = Release|Any CPU
		{2D907E0B-E4B0-4105-864A-6B8AD938D763}.Release|x64.ActiveCfg = Release|x64
		{2D907E0B-E4B0-4105-864A-6B8AD938D763}.Release|x64.Build.0 = Release|x64
		{2D907E0B-E4B0-4105-864A-6B8AD938D763}.Release|x86.ActiveCfg = Release|x86
		{2D907E0B-E4B0-4105-864A-6B8AD938D763}.Release|x86.Build.0 = Release|x86
		{6ECB21D5-8CAE-4A68-BA23-F73D737BF29C}.Debug|Any CPU.ActiveCfg = Debug|Any CPU
		{6ECB21D5-8CAE-4A68-BA23-F73D737BF29C}.Debug|Any CPU.Build.0 = Debug|Any CPU
		{6ECB21D5-8CAE-4A68-BA23-F73D737BF29C}.Debug|x64.ActiveCfg = Debug|x64
		{6ECB21D5-8CAE-4A68-BA23-F73D737BF29C}.Debug|x64.Build.0 = Debug|x64
		{6ECB21D5-8CAE-4A68-BA23-F73D737BF29C}.Debug|x86.ActiveCfg = Debug|x86
		{6ECB21D5-8CAE-4A68-BA23-F73D737BF29C}.Debug|x86.Build.0 = Debug|x86
		{6ECB21D5-8CAE-4A68-BA23-F73D737BF29C}.Release|Any CPU.ActiveCfg = Release|Any CPU
		{6ECB21D5-8CAE-4A68-BA23-F73D737BF29C}.Release|Any CPU.Build.0 = Release|Any CPU
		{6ECB21D5-8CAE-4A68-BA23-F73D737BF29C}.Release|x64.ActiveCfg = Release|x64
		{6ECB21D5-8CAE-4A68-BA23-F73D737BF29C}.Release|x64.Build.0 = Release|x64
		{6ECB21D5-8CAE-4A68-BA23-F73D737BF29C}.Release|x86.ActiveCfg = Release|x86
		{6ECB21D5-8CAE-4A68-BA23-F73D737BF29C}.Release|x86.Build.0 = Release|x86
		{5CB4583D-27AC-4F3A-B7EB-F89782D8C7B8}.Debug|Any CPU.ActiveCfg = Debug|Any CPU
		{5CB4583D-27AC-4F3A-B7EB-F89782D8C7B8}.Debug|Any CPU.Build.0 = Debug|Any CPU
		{5CB4583D-27AC-4F3A-B7EB-F89782D8C7B8}.Debug|x64.ActiveCfg = Debug|x64
		{5CB4583D-27AC-4F3A-B7EB-F89782D8C7B8}.Debug|x64.Build.0 = Debug|x64
		{5CB4583D-27AC-4F3A-B7EB-F89782D8C7B8}.Debug|x86.ActiveCfg = Debug|x86
		{5CB4583D-27AC-4F3A-B7EB-F89782D8C7B8}.Debug|x86.Build.0 = Debug|x86
		{5CB4583D-27AC-4F3A-B7EB-F89782D8C7B8}.Release|Any CPU.ActiveCfg = Release|Any CPU
		{5CB4583D-27AC-4F3A-B7EB-F89782D8C7B8}.Release|Any CPU.Build.0 = Release|Any CPU
		{5CB4583D-27AC-4F3A-B7EB-F89782D8C7B8}.Release|x64.ActiveCfg = Release|x64
		{5CB4583D-27AC-4F3A-B7EB-F89782D8C7B8}.Release|x64.Build.0 = Release|x64
		{5CB4583D-27AC-4F3A-B7EB-F89782D8C7B8}.Release|x86.ActiveCfg = Release|x86
		{5CB4583D-27AC-4F3A-B7EB-F89782D8C7B8}.Release|x86.Build.0 = Release|x86
		{0EADD091-BFCA-455A-B1DC-CE13845870B9}.Debug|Any CPU.ActiveCfg = Debug|Any CPU
		{0EADD091-BFCA-455A-B1DC-CE13845870B9}.Debug|Any CPU.Build.0 = Debug|Any CPU
		{0EADD091-BFCA-455A-B1DC-CE13845870B9}.Debug|x64.ActiveCfg = Debug|x64
		{0EADD091-BFCA-455A-B1DC-CE13845870B9}.Debug|x64.Build.0 = Debug|x64
		{0EADD091-BFCA-455A-B1DC-CE13845870B9}.Debug|x86.ActiveCfg = Debug|x86
		{0EADD091-BFCA-455A-B1DC-CE13845870B9}.Debug|x86.Build.0 = Debug|x86
		{0EADD091-BFCA-455A-B1DC-CE13845870B9}.Release|Any CPU.ActiveCfg = Release|Any CPU
		{0EADD091-BFCA-455A-B1DC-CE13845870B9}.Release|Any CPU.Build.0 = Release|Any CPU
		{0EADD091-BFCA-455A-B1DC-CE13845870B9}.Release|x64.ActiveCfg = Release|x64
		{0EADD091-BFCA-455A-B1DC-CE13845870B9}.Release|x64.Build.0 = Release|x64
		{0EADD091-BFCA-455A-B1DC-CE13845870B9}.Release|x86.ActiveCfg = Release|x86
		{0EADD091-BFCA-455A-B1DC-CE13845870B9}.Release|x86.Build.0 = Release|x86
	EndGlobalSection
	GlobalSection(SolutionProperties) = preSolution
		HideSolutionNode = FALSE
	EndGlobalSection
	GlobalSection(NestedProjects) = preSolution
		{CDF006B1-C709-45D9-9FE1-B565D1248277} = {ECF7D076-2E12-40DE-848F-909CDF3D415D}
		{632C2F57-7122-4DAA-A08D-1D9E8040153B} = {ECF7D076-2E12-40DE-848F-909CDF3D415D}
		{17D94123-5CA4-42A1-A047-CB2175A42F79} = {ECF7D076-2E12-40DE-848F-909CDF3D415D}
		{937BD566-B957-4715-9B13-1711DC44DB75} = {CDF006B1-C709-45D9-9FE1-B565D1248277}
		{FE6F6A41-1423-4C6C-8E3C-892451BEE1F9} = {CDF006B1-C709-45D9-9FE1-B565D1248277}
		{2D907E0B-E4B0-4105-864A-6B8AD938D763} = {17D94123-5CA4-42A1-A047-CB2175A42F79}
		{6ECB21D5-8CAE-4A68-BA23-F73D737BF29C} = {632C2F57-7122-4DAA-A08D-1D9E8040153B}
		{5CB4583D-27AC-4F3A-B7EB-F89782D8C7B8} = {632C2F57-7122-4DAA-A08D-1D9E8040153B}
		{0EADD091-BFCA-455A-B1DC-CE13845870B9} = {632C2F57-7122-4DAA-A08D-1D9E8040153B}
	EndGlobalSection
EndGlobal
