
Microsoft Visual Studio Solution File, Format Version 12.00
# Visual Studio 14
VisualStudioVersion = 14.0.25420.1
MinimumVisualStudioVersion = 10.0.40219.1
Project("{2150E333-8FDC-42A3-9474-1A3956D46DE8}") = "src", "src", "{ECF7D076-2E12-40DE-848F-909CDF3D415D}"
EndProject
Project("{2150E333-8FDC-42A3-9474-1A3956D46DE8}") = "Solution Items", "Solution Items", "{E24CF39A-BD5D-4604-B380-435606FE9FD1}"
	ProjectSection(SolutionItems) = preProject
		global.json = global.json
	EndProjectSection
EndProject
Project("{2150E333-8FDC-42A3-9474-1A3956D46DE8}") = "shared", "shared", "{CDF006B1-C709-45D9-9FE1-B565D1248277}"
EndProject
Project("{2150E333-8FDC-42A3-9474-1A3956D46DE8}") = "api", "api", "{632C2F57-7122-4DAA-A08D-1D9E8040153B}"
EndProject
Project("{2150E333-8FDC-42A3-9474-1A3956D46DE8}") = "web", "web", "{17D94123-5CA4-42A1-A047-CB2175A42F79}"
EndProject
Project("{8BB2217D-0F2D-49D1-97BC-3654ED321F3B}") = "CommonLib", "shared\CommonLib\CommonLib.xproj", "{94000E92-14CB-46B6-A7CE-B7A72C5DEC09}"
EndProject
Project("{8BB2217D-0F2D-49D1-97BC-3654ED321F3B}") = "Dashboard", "web\Dashboard\Dashboard.xproj", "{DBC7C03E-CECF-4555-BE19-439B0978D68B}"
EndProject
Project("{8BB2217D-0F2D-49D1-97BC-3654ED321F3B}") = "CommonLib.Dashboard", "shared\CommonLib.Dashboard\CommonLib.Dashboard.xproj", "{90355457-920B-4DE1-8251-F5A8617455C5}"
EndProject
Project("{8BB2217D-0F2D-49D1-97BC-3654ED321F3B}") = "Dashboard.Api", "api\Dashboard.Api\Dashboard.Api.xproj", "{FB50D05A-60D5-4A3D-AE4A-5EF68A8C8CAF}"
EndProject
Global
	GlobalSection(SolutionConfigurationPlatforms) = preSolution
		Debug|Any CPU = Debug|Any CPU
		Release|Any CPU = Release|Any CPU
	EndGlobalSection
	GlobalSection(ProjectConfigurationPlatforms) = postSolution
		{94000E92-14CB-46B6-A7CE-B7A72C5DEC09}.Debug|Any CPU.ActiveCfg = Debug|Any CPU
		{94000E92-14CB-46B6-A7CE-B7A72C5DEC09}.Debug|Any CPU.Build.0 = Debug|Any CPU
		{94000E92-14CB-46B6-A7CE-B7A72C5DEC09}.Release|Any CPU.ActiveCfg = Release|Any CPU
		{94000E92-14CB-46B6-A7CE-B7A72C5DEC09}.Release|Any CPU.Build.0 = Release|Any CPU
		{DBC7C03E-CECF-4555-BE19-439B0978D68B}.Debug|Any CPU.ActiveCfg = Debug|Any CPU
		{DBC7C03E-CECF-4555-BE19-439B0978D68B}.Debug|Any CPU.Build.0 = Debug|Any CPU
		{DBC7C03E-CECF-4555-BE19-439B0978D68B}.Release|Any CPU.ActiveCfg = Release|Any CPU
		{DBC7C03E-CECF-4555-BE19-439B0978D68B}.Release|Any CPU.Build.0 = Release|Any CPU
		{90355457-920B-4DE1-8251-F5A8617455C5}.Debug|Any CPU.ActiveCfg = Debug|Any CPU
		{90355457-920B-4DE1-8251-F5A8617455C5}.Debug|Any CPU.Build.0 = Debug|Any CPU
		{90355457-920B-4DE1-8251-F5A8617455C5}.Release|Any CPU.ActiveCfg = Release|Any CPU
		{90355457-920B-4DE1-8251-F5A8617455C5}.Release|Any CPU.Build.0 = Release|Any CPU
		{FB50D05A-60D5-4A3D-AE4A-5EF68A8C8CAF}.Debug|Any CPU.ActiveCfg = Debug|Any CPU
		{FB50D05A-60D5-4A3D-AE4A-5EF68A8C8CAF}.Debug|Any CPU.Build.0 = Debug|Any CPU
		{FB50D05A-60D5-4A3D-AE4A-5EF68A8C8CAF}.Release|Any CPU.ActiveCfg = Release|Any CPU
		{FB50D05A-60D5-4A3D-AE4A-5EF68A8C8CAF}.Release|Any CPU.Build.0 = Release|Any CPU
	EndGlobalSection
	GlobalSection(SolutionProperties) = preSolution
		HideSolutionNode = FALSE
	EndGlobalSection
	GlobalSection(NestedProjects) = preSolution
		{CDF006B1-C709-45D9-9FE1-B565D1248277} = {ECF7D076-2E12-40DE-848F-909CDF3D415D}
		{632C2F57-7122-4DAA-A08D-1D9E8040153B} = {ECF7D076-2E12-40DE-848F-909CDF3D415D}
		{17D94123-5CA4-42A1-A047-CB2175A42F79} = {ECF7D076-2E12-40DE-848F-909CDF3D415D}
		{94000E92-14CB-46B6-A7CE-B7A72C5DEC09} = {CDF006B1-C709-45D9-9FE1-B565D1248277}
		{DBC7C03E-CECF-4555-BE19-439B0978D68B} = {17D94123-5CA4-42A1-A047-CB2175A42F79}
		{90355457-920B-4DE1-8251-F5A8617455C5} = {CDF006B1-C709-45D9-9FE1-B565D1248277}
		{FB50D05A-60D5-4A3D-AE4A-5EF68A8C8CAF} = {632C2F57-7122-4DAA-A08D-1D9E8040153B}
	EndGlobalSection
EndGlobal
